
Microsoft Visual Studio Solution File, Format Version 12.00
# Visual Studio 2013
VisualStudioVersion = 12.0.31101.0
MinimumVisualStudioVersion = 10.0.40219.1
Project("{FAE04EC0-301F-11D3-BF4B-00C04F79EFBC}") = "KeyVaultUseFromWebApp", "KeyVaultUseFromWebApp\KeyVaultUseFromWebApp.csproj", "{3CF56C97-9C87-4203-B93F-7EF547CA98A5}"
EndProject
Project("{FAE04EC0-301F-11D3-BF4B-00C04F79EFBC}") = "EncryptDecryptBlobs", "EncryptDecryptBlobs\EncryptDecryptBlobs.csproj", "{CE986977-83A5-4269-BB29-C03812C9689C}"
EndProject
Global
	GlobalSection(SolutionConfigurationPlatforms) = preSolution
		Debug|Any CPU = Debug|Any CPU
		Release|Any CPU = Release|Any CPU
	EndGlobalSection
	GlobalSection(ProjectConfigurationPlatforms) = postSolution
		{3CF56C97-9C87-4203-B93F-7EF547CA98A5}.Debug|Any CPU.ActiveCfg = Debug|Any CPU
		{3CF56C97-9C87-4203-B93F-7EF547CA98A5}.Debug|Any CPU.Build.0 = Debug|Any CPU
		{3CF56C97-9C87-4203-B93F-7EF547CA98A5}.Release|Any CPU.ActiveCfg = Release|Any CPU
		{3CF56C97-9C87-4203-B93F-7EF547CA98A5}.Release|Any CPU.Build.0 = Release|Any CPU
		{CE986977-83A5-4269-BB29-C03812C9689C}.Debug|Any CPU.ActiveCfg = Debug|Any CPU
		{CE986977-83A5-4269-BB29-C03812C9689C}.Debug|Any CPU.Build.0 = Debug|Any CPU
		{CE986977-83A5-4269-BB29-C03812C9689C}.Release|Any CPU.ActiveCfg = Release|Any CPU
		{CE986977-83A5-4269-BB29-C03812C9689C}.Release|Any CPU.Build.0 = Release|Any CPU
	EndGlobalSection
	GlobalSection(SolutionProperties) = preSolution
		HideSolutionNode = FALSE
	EndGlobalSection
EndGlobal
